{
  "nodes": {
    "nixpkgs": {
      "locked": {
        "lastModified": 1762199117,
        "narHash": "sha256-j6CNnhToYUJHwaBnBw5v/K7cjzQQAmA/bTDw7IgmrWM=",
        "path": "/home/pim/cNixos/nixpkgs",
        "type": "path"
      },
      "original": {
        "path": "/home/pim/cNixos/nixpkgs",
        "type": "path"
      }
    },
    "root": {
      "inputs": {
        "nixpkgs": "nixpkgs"
      }
    }
  },
  "root": "root",
  "version": 7
}
